{
  "name": "pruebas-unitarias",
  "version": "0.0.0",
  "lockfileVersion": 1,
  "requires": true,
  "dependencies": {
    "@types/jasmine": {
      "version": "3.3.16",
      "resolved": "https://registry.npmjs.org/@types/jasmine/-/jasmine-3.3.16.tgz",
      "integrity": "sha512-Nveep4zKGby8uIvG2AEUyYOwZS8uVeHK9TgbuWYSawUDDdIgfhCKz28QzamTo//Jk7Ztt9PO3f+vzlB6a4GV1Q==",
      "dev": true
    },
    "@types/jasminewd2": {
      "version": "2.0.8",
      "resolved": "https://registry.npmjs.org/@types/jasminewd2/-/jasminewd2-2.0.8.tgz",
      "integrity": "sha512-d9p31r7Nxk0ZH0U39PTH0hiDlJ+qNVGjlt1ucOoTUptxb2v+Y5VMnsxfwN+i3hK4yQnqBi3FMmoMFcd1JHDxdg==",
      "dev": true,
      "requires": {
        "@types/jasmine": "*"
      }
    },
    "source-list-map": {
      "version": "2.0.1",
      "resolved": "https://registry.npmjs.org/source-list-map/-/source-list-map-2.0.1.tgz",
      "integrity": "sha512-qnQ7gVMxGNxsiL4lEuJwe/To8UnK7fAnmbGEEH8RpLouuKbeEm0lhbQVFIrNSuB+G7tVrAlVsZgETT5nljf+Iw=="
    },
    "webpack-sources": {
      "version": "1.4.3",
      "resolved": "https://registry.npmjs.org/webpack-sources/-/webpack-sources-1.4.3.tgz",
      "integrity": "sha512-lgTS3Xhv1lCOKo7SA5TjKXMjpSM4sBjNV5+q2bqesbSPs5FjGmU6jjtBSkX9b4qW87vDIsCIlUPOEhbZrMdjeQ==",
      "requires": {
        "source-list-map": "^2.0.0",
        "source-map": "~0.6.1"
      },
      "dependencies": {
        "source-map": {
          "version": "0.6.1",
          "resolved": "https://registry.npmjs.org/source-map/-/source-map-0.6.1.tgz",
          "integrity": "sha512-UjgapumWlbMhkBgzT7Ykc5YXUT46F0iKu8SGXq0bcwP5dz/h0Plj6enJqjz1Zbq2l5WaqYnrVbwWOWMyF3F47g=="
        }
      }
    },
    "webpack-subresource-integrity": {
      "version": "1.5.2",
      "resolved": "https://registry.npmjs.org/webpack-subresource-integrity/-/webpack-subresource-integrity-1.5.2.tgz",
      "integrity": "sha512-GBWYBoyalbo5YClwWop9qe6Zclp8CIXYGIz12OPclJhIrSplDxs1Ls1JDMH8xBPPrg1T6ISaTW9Y6zOrwEiAzw==",
      "requires": {
        "webpack-sources": "^1.3.0"
      }
    },
    "websocket-extensions": {
      "version": "0.1.4",
      "resolved": "https://registry.npmjs.org/websocket-extensions/-/websocket-extensions-0.1.4.tgz",
      "integrity": "sha512-OqedPIGOfsDlo31UNwYbCFMSaO9m9G/0faIHj5/dZFDMFqPTcx6UwqyOy3COEaEOg/9VsGIpdqn62W5KhoKSpg=="
    }
  }
}
